// !$*UTF8*$!
{
	archiveVersion = 1;
	classes = {
	};
	objectVersion = 48;
	objects = {

/* Begin PBXBuildFile section */
		1949A787209EAFA300E4FD70 /* AppDelegate.swift in Sources */ = {isa = PBXBuildFile; fileRef = 1949A786209EAFA300E4FD70 /* AppDelegate.swift */; };
		1949A789209EAFA300E4FD70 /* ViewController.swift in Sources */ = {isa = PBXBuildFile; fileRef = 1949A788209EAFA300E4FD70 /* ViewController.swift */; };
		1949A78C209EAFA300E4FD70 /* Main.storyboard in Resources */ = {isa = PBXBuildFile; fileRef = 1949A78A209EAFA300E4FD70 /* Main.storyboard */; };
		1949A78E209EAFA300E4FD70 /* Assets.xcassets in Resources */ = {isa = PBXBuildFile; fileRef = 1949A78D209EAFA300E4FD70 /* Assets.xcassets */; };
		1949A791209EAFA300E4FD70 /* LaunchScreen.storyboard in Resources */ = {isa = PBXBuildFile; fileRef = 1949A78F209EAFA300E4FD70 /* LaunchScreen.storyboard */; };
/* End PBXBuildFile section */

/* Begin PBXFileReference section */
		1949A783209EAFA300E4FD70 /* micky.app */ = {isa = PBXFileReference; explicitFileType = wrapper.application; includeInIndex = 0; path = micky.app; sourceTree = BUILT_PRODUCTS_DIR; };
		1949A786209EAFA300E4FD70 /* AppDelegate.swift */ = {isa = PBXFileReference; lastKnownFileType = sourcecode.swift; path = AppDelegate.swift; sourceTree = "<group>"; };
		1949A788209EAFA300E4FD70 /* ViewController.swift */ = {isa = PBXFileReference; lastKnownFileType = sourcecode.swift; path = ViewController.swift; sourceTree = "<group>"; };
		1949A78B209EAFA300E4FD70 /* Base */ = {isa = PBXFileReference; lastKnownFileType = file.storyboard; name = Base; path = Base.lproj/Main.storyboard; sourceTree = "<group>"; };
		1949A78D209EAFA300E4FD70 /* Assets.xcassets */ = {isa = PBXFileReference; lastKnownFileType = folder.assetcatalog; path = Assets.xcassets; sourceTree = "<group>"; };
		1949A790209EAFA300E4FD70 /* Base */ = {isa = PBXFileReference; lastKnownFileType = file.storyboard; name = Base; path = Base.lproj/LaunchScreen.storyboard; sourceTree = "<group>"; };
		1949A792209EAFA300E4FD70 /* Info.plist */ = {isa = PBXFileReference; lastKnownFileType = text.plist.xml; path = Info.plist; sourceTree = "<group>"; };
/* End PBXFileReference section */

/* Begin PBXFrameworksBuildPhase section */
		1949A780209EAFA300E4FD70 /* Frameworks */ = {
			isa = PBXFrameworksBuildPhase;
			buildActionMask = 2147483647;
			files = (
			);
			runOnlyForDeploymentPostprocessing = 0;
		};
/* End PBXFrameworksBuildPhase section */

/* Begin PBXGroup section */
		1949A77A209EAFA200E4FD70 = {
			isa = PBXGroup;
			children = (
				1949A785209EAFA300E4FD70 /* micky */,
				1949A784209EAFA300E4FD70 /* Products */,
			);
			sourceTree = "<group>";
		};
		1949A784209EAFA300E4FD70 /* Products */ = {
			isa = PBXGroup;
			children = (
				1949A783209EAFA300E4FD70 /* micky.app */,
			);
			name = Products;
			sourceTree = "<group>";
		};
		1949A785209EAFA300E4FD70 /* micky */ = {
			isa = PBXGroup;
			children = (
				1949A786209EAFA300E4FD70 /* AppDelegate.swift */,
				1949A788209EAFA300E4FD70 /* ViewController.swift */,
				1949A78A209EAFA300E4FD70 /* Main.storyboard */,
				1949A78D209EAFA300E4FD70 /* Assets.xcassets */,
				1949A78F209EAFA300E4FD70 /* LaunchScreen.storyboard */,
				1949A792209EAFA300E4FD70 /* Info.plist */,
			);
			path = micky;
			sourceTree = "<group>";
		};
/* End PBXGroup section */

/* Begin PBXNativeTarget section */
		1949A782209EAFA300E4FD70 /* micky */ = {
			isa = PBXNativeTarget;
			buildConfigurationList = 1949A795209EAFA300E4FD70 /* Build configuration list for PBXNativeTarget "micky" */;
			buildPhases = (
				1949A77F209EAFA300E4FD70 /* Sources */,
				1949A780209EAFA300E4FD70 /* Frameworks */,
				1949A781209EAFA300E4FD70 /* Resources */,
			);
			buildRules = (
			);
			dependencies = (
			);
			name = micky;
			productName = micky;
			productReference = 1949A783209EAFA300E4FD70 /* micky.app */;
			productType = "com.apple.product-type.application";
		};
/* End PBXNativeTarget section */

/* Begin PBXProject section */
		1949A77B209EAFA200E4FD70 /* Project object */ = {
			isa = PBXProject;
			attributes = {
				LastSwiftUpdateCheck = 0920;
				LastUpgradeCheck = 0920;
				ORGANIZATIONNAME = "Huang Yi-Chieh";
				TargetAttributes = {
					1949A782209EAFA300E4FD70 = {
						CreatedOnToolsVersion = 9.2;
						ProvisioningStyle = Automatic;
					};
				};
			};
			buildConfigurationList = 1949A77E209EAFA200E4FD70 /* Build configuration list for PBXProject "micky" */;
			compatibilityVersion = "Xcode 8.0";
			developmentRegion = en;
			hasScannedForEncodings = 0;
			knownRegions = (
				en,
				Base,
			);
			mainGroup = 1949A77A209EAFA200E4FD70;
			productRefGroup = 1949A784209EAFA300E4FD70 /* Products */;
			projectDirPath = "";
			projectRoot = "";
			targets = (
				1949A782209EAFA300E4FD70 /* micky */,
			);
		};
/* End PBXProject section */

/* Begin PBXResourcesBuildPhase section */
		1949A781209EAFA300E4FD70 /* Resources */ = {
			isa = PBXResourcesBuildPhase;
			buildActionMask = 2147483647;
			files = (
				1949A791209EAFA300E4FD70 /* LaunchScreen.storyboard in Resources */,
				1949A78E209EAFA300E4FD70 /* Assets.xcassets in Resources */,
				1949A78C209EAFA300E4FD70 /* Main.storyboard in Resources */,
			);
			runOnlyForDeploymentPostprocessing = 0;
		};
/* End PBXResourcesBuildPhase section */

/* Begin PBXSourcesBuildPhase section */
		1949A77F209EAFA300E4FD70 /* Sources */ = {
			isa = PBXSourcesBuildPhase;
			buildActionMask = 2147483647;
			files = (
				1949A789209EAFA300E4FD70 /* ViewController.swift in Sources */,
				1949A787209EAFA300E4FD70 /* AppDelegate.swift in Sources */,
			);
			runOnlyForDeploymentPostprocessing = 0;
		};
/* End PBXSourcesBuildPhase section */

/* Begin PBXVariantGroup section */
		1949A78A209EAFA300E4FD70 /* Main.storyboard */ = {
			isa = PBXVariantGroup;
			children = (
				1949A78B209EAFA300E4FD70 /* Base */,
			);
			name = Main.storyboard;
			sourceTree = "<group>";
		};
		1949A78F209EAFA300E4FD70 /* LaunchScreen.storyboard */ = {
			isa = PBXVariantGroup;
			children = (
				1949A790209EAFA300E4FD70 /* Base */,
			);
			name = LaunchScreen.storyboard;
			sourceTree = "<group>";
		};
/* End PBXVariantGroup section */

/* Begin XCBuildConfiguration section */
		1949A793209EAFA300E4FD70 /* Debug */ = {
			isa = XCBuildConfiguration;
			buildSettings = {
				ALWAYS_SEARCH_USER_PATHS = NO;
				CLANG_ANALYZER_NONNULL = YES;
				CLANG_ANALYZER_NUMBER_OBJECT_CONVERSION = YES_AGGRESSIVE;
				CLANG_CXX_LANGUAGE_STANDARD = "gnu++14";
				CLANG_CXX_LIBRARY = "libc++";
				CLANG_ENABLE_MODULES = YES;
				CLANG_ENABLE_OBJC_ARC = YES;
				CLANG_WARN_BLOCK_CAPTURE_AUTORELEASING = YES;
				CLANG_WARN_BOOL_CONVERSION = YES;
				CLANG_WARN_COMMA = YES;
				CLANG_WARN_CONSTANT_CONVERSION = YES;
				CLANG_WARN_DIRECT_OBJC_ISA_USAGE = YES_ERROR;
				CLANG_WARN_DOCUMENTATION_COMMENTS = YES;
				CLANG_WARN_EMPTY_BODY = YES;
				CLANG_WARN_ENUM_CONVERSION = YES;
				CLANG_WARN_INFINITE_RECURSION = YES;
				CLANG_WARN_INT_CONVERSION = YES;
				CLANG_WARN_NON_LITERAL_NULL_CONVERSION = YES;
				CLANG_WARN_OBJC_LITERAL_CONVERSION = YES;
				CLANG_WARN_OBJC_ROOT_CLASS = YES_ERROR;
				CLANG_WARN_RANGE_LOOP_ANALYSIS = YES;
				CLANG_WARN_STRICT_PROTOTYPES = YES;
				CLANG_WARN_SUSPICIOUS_MOVE = YES;
				CLANG_WARN_UNGUARDED_AVAILABILITY = YES_AGGRESSIVE;
				CLANG_WARN_UNREACHABLE_CODE = YES;
				CLANG_WARN__DUPLICATE_METHOD_MATCH = YES;
				CODE_SIGN_IDENTITY = "iPhone Developer";
				COPY_PHASE_STRIP = NO;
				DEBUG_INFORMATION_FORMAT = dwarf;
				ENABLE_STRICT_OBJC_MSGSEND = YES;
				ENABLE_TESTABILITY = YES;
				GCC_C_LANGUAGE_STANDARD = gnu11;
				GCC_DYNAMIC_NO_PIC = NO;
				GCC_NO_COMMON_BLOCKS = YES;
				GCC_OPTIMIZATION_LEVEL = 0;
				GCC_PREPROCESSOR_DEFINITIONS = (
					"DEBUG=1",
					"$(inherited)",
				);
				GCC_WARN_64_TO_32_BIT_CONVERSION = YES;
				GCC_WARN_ABOUT_RETURN_TYPE = YES_ERROR;
				GCC_WARN_UNDECLARED_SELECTOR = YES;
				GCC_WARN_UNINITIALIZED_AUTOS = YES_AGGRESSIVE;
				GCC_WARN_UNUSED_FUNCTION = YES;
				GCC_WARN_UNUSED_VARIABLE = YES;
				IPHONEOS_DEPLOYMENT_TARGET = 11.2;
				MTL_ENABLE_DEBUG_INFO = YES;
				ONLY_ACTIVE_ARCH = YES;
				SDKROOT = iphoneos;
				SWIFT_ACTIVE_COMPILATION_CONDITIONS = DEBUG;
				SWIFT_OPTIMIZATION_LEVEL = "-Onone";
			};
			name = Debug;
		};
		1949A794209EAFA300E4FD70 /* Release */ = {
			isa = XCBuildConfiguration;
			buildSettings = {
				ALWAYS_SEARCH_USER_PATHS = NO;
				CLANG_ANALYZER_NONNULL = YES;
				CLANG_ANALYZER_NUMBER_OBJECT_CONVERSION = YES_AGGRESSIVE;
				CLANG_CXX_LANGUAGE_STANDARD = "gnu++14";
				CLANG_CXX_LIBRARY = "libc++";
				CLANG_ENABLE_MODULES = YES;
				CLANG_ENABLE_OBJC_ARC = YES;
				CLANG_WARN_BLOCK_CAPTURE_AUTORELEASING = YES;
				CLANG_WARN_BOOL_CONVERSION = YES;
				CLANG_WARN_COMMA = YES;
				CLANG_WARN_CONSTANT_CONVERSION = YES;
				CLANG_WARN_DIRECT_OBJC_ISA_USAGE = YES_ERROR;
				CLANG_WARN_DOCUMENTATION_COMMENTS = YES;
				CLANG_WARN_EMPTY_BODY = YES;
				CLANG_WARN_ENUM_CONVERSION = YES;
				CLANG_WARN_INFINITE_RECURSION = YES;
				CLANG_WARN_INT_CONVERSION = YES;
				CLANG_WARN_NON_LITERAL_NULL_CONVERSION = YES;
				CLANG_WARN_OBJC_LITERAL_CONVERSION = YES;
				CLANG_WARN_OBJC_ROOT_CLASS = YES_ERROR;
				CLANG_WARN_RANGE_LOOP_ANALYSIS = YES;
				CLANG_WARN_STRICT_PROTOTYPES = YES;
				CLANG_WARN_SUSPICIOUS_MOVE = YES;
				CLANG_WARN_UNGUARDED_AVAILABILITY = YES_AGGRESSIVE;
				CLANG_WARN_UNREACHABLE_CODE = YES;
				CLANG_WARN__DUPLICATE_METHOD_MATCH = YES;
				CODE_SIGN_IDENTITY = "iPhone Developer";
				COPY_PHASE_STRIP = NO;
				DEBUG_INFORMATION_FORMAT = "dwarf-with-dsym";
				ENABLE_NS_ASSERTIONS = NO;
				ENABLE_STRICT_OBJC_MSGSEND = YES;
				GCC_C_LANGUAGE_STANDARD = gnu11;
				GCC_NO_COMMON_BLOCKS = YES;
				GCC_WARN_64_TO_32_BIT_CONVERSION = YES;
				GCC_WARN_ABOUT_RETURN_TYPE = YES_ERROR;
				GCC_WARN_UNDECLARED_SELECTOR = YES;
				GCC_WARN_UNINITIALIZED_AUTOS = YES_AGGRESSIVE;
				GCC_WARN_UNUSED_FUNCTION = YES;
				GCC_WARN_UNUSED_VARIABLE = YES;
				IPHONEOS_DEPLOYMENT_TARGET = 11.2;
				MTL_ENABLE_DEBUG_INFO = NO;
				SDKROOT = iphoneos;
				SWIFT_OPTIMIZATION_LEVEL = "-Owholemodule";
				VALIDATE_PRODUCT = YES;
			};
			name = Release;
		};
		1949A796209EAFA300E4FD70 /* Debug */ = {
			isa = XCBuildConfiguration;
			buildSettings = {
				ASSETCATALOG_COMPILER_APPICON_NAME = AppIcon;
				CODE_SIGN_STYLE = Automatic;
				INFOPLIST_FILE = micky/Info.plist;
				LD_RUNPATH_SEARCH_PATHS = "$(inherited) @executable_path/Frameworks";
				PRODUCT_BUNDLE_IDENTIFIER = com.wendy.micky;
				PRODUCT_NAME = "$(TARGET_NAME)";
				SWIFT_VERSION = 4.0;
				TARGETED_DEVICE_FAMILY = "1,2";
			};
			name = Debug;
		};
		1949A797209EAFA300E4FD70 /* Release */ = {
			isa = XCBuildConfiguration;
			buildSettings = {
				ASSETCATALOG_COMPILER_APPICON_NAME = AppIcon;
				CODE_SIGN_STYLE = Automatic;
				INFOPLIST_FILE = micky/Info.plist;
				LD_RUNPATH_SEARCH_PATHS = "$(inherited) @executable_path/Frameworks";
				PRODUCT_BUNDLE_IDENTIFIER = com.wendy.micky;
				PRODUCT_NAME = "$(TARGET_NAME)";
				SWIFT_VERSION = 4.0;
				TARGETED_DEVICE_FAMILY = "1,2";
			};
			name = Release;
		};
/* End XCBuildConfiguration section */

/* Begin XCConfigurationList section */
		1949A77E209EAFA200E4FD70 /* Build configuration list for PBXProject "micky" */ = {
			isa = XCConfigurationList;
			buildConfigurations = (
				1949A793209EAFA300E4FD70 /* Debug */,
				1949A794209EAFA300E4FD70 /* Release */,
			);
			defaultConfigurationIsVisible = 0;
			defaultConfigurationName = Release;
		};
		1949A795209EAFA300E4FD70 /* Build configuration list for PBXNativeTarget "micky" */ = {
			isa = XCConfigurationList;
			buildConfigurations = (
				1949A796209EAFA300E4FD70 /* Debug */,
				1949A797209EAFA300E4FD70 /* Release */,
			);
			defaultConfigurationIsVisible = 0;
			defaultConfigurationName = Release;
		};
/* End XCConfigurationList section */
	};
	rootObject = 1949A77B209EAFA200E4FD70 /* Project object */;
}
